
Microsoft Visual Studio Solution File, Format Version 12.00
# Visual Studio Version 17
VisualStudioVersion = 17.12.35527.113 d17.12
MinimumVisualStudioVersion = 10.0.40219.1
Project("{FAE04EC0-301F-11D3-BF4B-00C04F79EFBC}") = "Company.PL", "Company.PL\Company.PL.csproj", "{1A4EE080-FC8F-49C7-A3B3-C343DE8DE4B4}"
EndProject
Project("{FAE04EC0-301F-11D3-BF4B-00C04F79EFBC}") = "Company.BLL", "Company.BLL\Company.BLL.csproj", "{29EDF33D-50A5-44C0-9D4C-731BB51AE1FD}"
EndProject
Project("{FAE04EC0-301F-11D3-BF4B-00C04F79EFBC}") = "Company.DAL", "Company.DAL\Company.DAL.csproj", "{1AE95D41-D300-4EE8-8BD5-587250C45030}"
EndProject
Global
	GlobalSection(SolutionConfigurationPlatforms) = preSolution
		Debug|Any CPU = Debug|Any CPU
		Release|Any CPU = Release|Any CPU
	EndGlobalSection
	GlobalSection(ProjectConfigurationPlatforms) = postSolution
		{1A4EE080-FC8F-49C7-A3B3-C343DE8DE4B4}.Debug|Any CPU.ActiveCfg = Release|Any CPU
		{1A4EE080-FC8F-49C7-A3B3-C343DE8DE4B4}.Debug|Any CPU.Build.0 = Release|Any CPU
		{1A4EE080-FC8F-49C7-A3B3-C343DE8DE4B4}.Release|Any CPU.ActiveCfg = Release|Any CPU
		{1A4EE080-FC8F-49C7-A3B3-C343DE8DE4B4}.Release|Any CPU.Build.0 = Release|Any CPU
		{29EDF33D-50A5-44C0-9D4C-731BB51AE1FD}.Debug|Any CPU.ActiveCfg = Release|Any CPU
		{29EDF33D-50A5-44C0-9D4C-731BB51AE1FD}.Debug|Any CPU.Build.0 = Release|Any CPU
		{29EDF33D-50A5-44C0-9D4C-731BB51AE1FD}.Release|Any CPU.ActiveCfg = Release|Any CPU
		{29EDF33D-50A5-44C0-9D4C-731BB51AE1FD}.Release|Any CPU.Build.0 = Release|Any CPU
		{1AE95D41-D300-4EE8-8BD5-587250C45030}.Debug|Any CPU.ActiveCfg = Release|Any CPU
		{1AE95D41-D300-4EE8-8BD5-587250C45030}.Debug|Any CPU.Build.0 = Release|Any CPU
		{1AE95D41-D300-4EE8-8BD5-587250C45030}.Release|Any CPU.ActiveCfg = Release|Any CPU
		{1AE95D41-D300-4EE8-8BD5-587250C45030}.Release|Any CPU.Build.0 = Release|Any CPU
	EndGlobalSection
	GlobalSection(SolutionProperties) = preSolution
		HideSolutionNode = FALSE
	EndGlobalSection
EndGlobal
